
Microsoft Visual Studio Solution File, Format Version 12.00
# Visual Studio Version 17
VisualStudioVersion = 17.0.32002.185
MinimumVisualStudioVersion = 10.0.40219.1
Project("{FAE04EC0-301F-11D3-BF4B-00C04F79EFBC}") = "Ocelot-demo-ApiGateway", "Ocelot-demo-ApiGateway\Ocelot-demo-ApiGateway.csproj", "{F799CFCB-C373-4A2D-AA66-A0F8252C4E25}"
EndProject
Global
	GlobalSection(SolutionConfigurationPlatforms) = preSolution
		Debug|Any CPU = Debug|Any CPU
		Release|Any CPU = Release|Any CPU
	EndGlobalSection
	GlobalSection(ProjectConfigurationPlatforms) = postSolution
		{F799CFCB-C373-4A2D-AA66-A0F8252C4E25}.Debug|Any CPU.ActiveCfg = Debug|Any CPU
		{F799CFCB-C373-4A2D-AA66-A0F8252C4E25}.Debug|Any CPU.Build.0 = Debug|Any CPU
		{F799CFCB-C373-4A2D-AA66-A0F8252C4E25}.Release|Any CPU.ActiveCfg = Release|Any CPU
		{F799CFCB-C373-4A2D-AA66-A0F8252C4E25}.Release|Any CPU.Build.0 = Release|Any CPU
	EndGlobalSection
	GlobalSection(SolutionProperties) = preSolution
		HideSolutionNode = FALSE
	EndGlobalSection
	GlobalSection(ExtensibilityGlobals) = postSolution
		SolutionGuid = {06DC383B-43E5-4B52-AF65-D3DCFDD396AD}
	EndGlobalSection
EndGlobal
